// !$*UTF8*$!
{
	archiveVersion = 1;
	classes = {
	};
	objectVersion = 56;
	objects = {

/* Begin PBXBuildFile section */
		160286452AAC953300DE57F9 /* AfricaApp.swift in Sources */ = {isa = PBXBuildFile; fileRef = 160286442AAC953300DE57F9 /* AfricaApp.swift */; };
		160286472AAC953300DE57F9 /* ContentView.swift in Sources */ = {isa = PBXBuildFile; fileRef = 160286462AAC953300DE57F9 /* ContentView.swift */; };
		160286492AAC953300DE57F9 /* Assets.xcassets in Resources */ = {isa = PBXBuildFile; fileRef = 160286482AAC953300DE57F9 /* Assets.xcassets */; };
		1602864C2AAC953300DE57F9 /* Preview Assets.xcassets in Resources */ = {isa = PBXBuildFile; fileRef = 1602864B2AAC953300DE57F9 /* Preview Assets.xcassets */; };
		1602865D2AAC99CC00DE57F9 /* rhino.mp4 in Resources */ = {isa = PBXBuildFile; fileRef = 160286532AAC99CA00DE57F9 /* rhino.mp4 */; };
		1602865E2AAC99CC00DE57F9 /* giraffe.mp4 in Resources */ = {isa = PBXBuildFile; fileRef = 160286542AAC99CA00DE57F9 /* giraffe.mp4 */; };
		1602865F2AAC99CC00DE57F9 /* hippo.mp4 in Resources */ = {isa = PBXBuildFile; fileRef = 160286552AAC99CA00DE57F9 /* hippo.mp4 */; };
		160286602AAC99CC00DE57F9 /* lion.mp4 in Resources */ = {isa = PBXBuildFile; fileRef = 160286562AAC99CA00DE57F9 /* lion.mp4 */; };
		160286612AAC99CC00DE57F9 /* gorilla.mp4 in Resources */ = {isa = PBXBuildFile; fileRef = 160286572AAC99CB00DE57F9 /* gorilla.mp4 */; };
		160286622AAC99CC00DE57F9 /* lioness.mp4 in Resources */ = {isa = PBXBuildFile; fileRef = 160286582AAC99CB00DE57F9 /* lioness.mp4 */; };
		160286632AAC99CC00DE57F9 /* elephant.mp4 in Resources */ = {isa = PBXBuildFile; fileRef = 160286592AAC99CB00DE57F9 /* elephant.mp4 */; };
		160286642AAC99CC00DE57F9 /* zebra.mp4 in Resources */ = {isa = PBXBuildFile; fileRef = 1602865A2AAC99CB00DE57F9 /* zebra.mp4 */; };
		160286652AAC99CC00DE57F9 /* ostrich.mp4 in Resources */ = {isa = PBXBuildFile; fileRef = 1602865B2AAC99CB00DE57F9 /* ostrich.mp4 */; };
		160286662AAC99CC00DE57F9 /* cheetah.mp4 in Resources */ = {isa = PBXBuildFile; fileRef = 1602865C2AAC99CC00DE57F9 /* cheetah.mp4 */; };
		1602866C2AAC9A3300DE57F9 /* locations.json in Resources */ = {isa = PBXBuildFile; fileRef = 160286682AAC9A3300DE57F9 /* locations.json */; };
		1602866D2AAC9A3300DE57F9 /* covers.json in Resources */ = {isa = PBXBuildFile; fileRef = 160286692AAC9A3300DE57F9 /* covers.json */; };
		1602866E2AAC9A3300DE57F9 /* animals.json in Resources */ = {isa = PBXBuildFile; fileRef = 1602866A2AAC9A3300DE57F9 /* animals.json */; };
		1602866F2AAC9A3300DE57F9 /* videos.json in Resources */ = {isa = PBXBuildFile; fileRef = 1602866B2AAC9A3300DE57F9 /* videos.json */; };
		160286732AAC9D2800DE57F9 /* VideoListView.swift in Sources */ = {isa = PBXBuildFile; fileRef = 160286722AAC9D2800DE57F9 /* VideoListView.swift */; };
		160286752AAC9D3600DE57F9 /* MapView.swift in Sources */ = {isa = PBXBuildFile; fileRef = 160286742AAC9D3600DE57F9 /* MapView.swift */; };
		160286772AAC9D4400DE57F9 /* GalleryView.swift in Sources */ = {isa = PBXBuildFile; fileRef = 160286762AAC9D4300DE57F9 /* GalleryView.swift */; };
		160286792AAC9D5100DE57F9 /* MainView.swift in Sources */ = {isa = PBXBuildFile; fileRef = 160286782AAC9D5100DE57F9 /* MainView.swift */; };
		1602867C2AACA2FF00DE57F9 /* CoverImageView.swift in Sources */ = {isa = PBXBuildFile; fileRef = 1602867B2AACA2FF00DE57F9 /* CoverImageView.swift */; };
		1602867F2AACA3F000DE57F9 /* CoverImageModel.swift in Sources */ = {isa = PBXBuildFile; fileRef = 1602867E2AACA3F000DE57F9 /* CoverImageModel.swift */; };
		160286822AACA87600DE57F9 /* CodableBundleExtension.swift in Sources */ = {isa = PBXBuildFile; fileRef = 160286812AACA87600DE57F9 /* CodableBundleExtension.swift */; };
		166255752AADC1A000DC0A85 /* AnimalDetailView.swift in Sources */ = {isa = PBXBuildFile; fileRef = 166255742AADC1A000DC0A85 /* AnimalDetailView.swift */; };
		166255772AADC4F500DC0A85 /* HeadingView.swift in Sources */ = {isa = PBXBuildFile; fileRef = 166255762AADC4F500DC0A85 /* HeadingView.swift */; };
		166255792AADC72400DC0A85 /* InsetGalleryView.swift in Sources */ = {isa = PBXBuildFile; fileRef = 166255782AADC72400DC0A85 /* InsetGalleryView.swift */; };
		1662557B2AADCAA000DC0A85 /* InsetFactView.swift in Sources */ = {isa = PBXBuildFile; fileRef = 1662557A2AADCAA000DC0A85 /* InsetFactView.swift */; };
		1662557D2AADCF4000DC0A85 /* InsetMapView.swift in Sources */ = {isa = PBXBuildFile; fileRef = 1662557C2AADCF4000DC0A85 /* InsetMapView.swift */; };
		1662557F2AADD2A000DC0A85 /* ExternalWeblinkView.swift in Sources */ = {isa = PBXBuildFile; fileRef = 1662557E2AADD2A000DC0A85 /* ExternalWeblinkView.swift */; };
		166E10C42ABFEDFB0089E979 /* LocationModel.swift in Sources */ = {isa = PBXBuildFile; fileRef = 166E10C32ABFEDFB0089E979 /* LocationModel.swift */; };
		166E10C62ABFF6950089E979 /* MapAnnotationView.swift in Sources */ = {isa = PBXBuildFile; fileRef = 166E10C52ABFF6950089E979 /* MapAnnotationView.swift */; };
		16D246BB2AB6B1720010662A /* VideoModel.swift in Sources */ = {isa = PBXBuildFile; fileRef = 16D246BA2AB6B1720010662A /* VideoModel.swift */; };
		16D246BF2AB6B3C70010662A /* VideoListItem.swift in Sources */ = {isa = PBXBuildFile; fileRef = 16D246BE2AB6B3C70010662A /* VideoListItem.swift */; };
		16D246C12AB6BD4D0010662A /* VideoPlayerView.swift in Sources */ = {isa = PBXBuildFile; fileRef = 16D246C02AB6BD4D0010662A /* VideoPlayerView.swift */; };
		16D246C42AB6BEA70010662A /* VideoPlayerHelper.swift in Sources */ = {isa = PBXBuildFile; fileRef = 16D246C32AB6BEA70010662A /* VideoPlayerHelper.swift */; };
		16EBC6632AAD764400DF6B26 /* AnimalListItemView.swift in Sources */ = {isa = PBXBuildFile; fileRef = 16EBC6622AAD764400DF6B26 /* AnimalListItemView.swift */; };
		16EBC6652AAD79B000DF6B26 /* AnimalModel.swift in Sources */ = {isa = PBXBuildFile; fileRef = 16EBC6642AAD79B000DF6B26 /* AnimalModel.swift */; };
/* End PBXBuildFile section */

/* Begin PBXFileReference section */
		160286412AAC953300DE57F9 /* Africa.app */ = {isa = PBXFileReference; explicitFileType = wrapper.application; includeInIndex = 0; path = Africa.app; sourceTree = BUILT_PRODUCTS_DIR; };
		160286442AAC953300DE57F9 /* AfricaApp.swift */ = {isa = PBXFileReference; lastKnownFileType = sourcecode.swift; path = AfricaApp.swift; sourceTree = "<group>"; };
		160286462AAC953300DE57F9 /* ContentView.swift */ = {isa = PBXFileReference; lastKnownFileType = sourcecode.swift; path = ContentView.swift; sourceTree = "<group>"; };
		160286482AAC953300DE57F9 /* Assets.xcassets */ = {isa = PBXFileReference; lastKnownFileType = folder.assetcatalog; path = Assets.xcassets; sourceTree = "<group>"; };
		1602864B2AAC953300DE57F9 /* Preview Assets.xcassets */ = {isa = PBXFileReference; lastKnownFileType = folder.assetcatalog; path = "Preview Assets.xcassets"; sourceTree = "<group>"; };
		160286532AAC99CA00DE57F9 /* rhino.mp4 */ = {isa = PBXFileReference; lastKnownFileType = file; path = rhino.mp4; sourceTree = "<group>"; };
		160286542AAC99CA00DE57F9 /* giraffe.mp4 */ = {isa = PBXFileReference; lastKnownFileType = file; path = giraffe.mp4; sourceTree = "<group>"; };
		160286552AAC99CA00DE57F9 /* hippo.mp4 */ = {isa = PBXFileReference; lastKnownFileType = file; path = hippo.mp4; sourceTree = "<group>"; };
		160286562AAC99CA00DE57F9 /* lion.mp4 */ = {isa = PBXFileReference; lastKnownFileType = file; path = lion.mp4; sourceTree = "<group>"; };
		160286572AAC99CB00DE57F9 /* gorilla.mp4 */ = {isa = PBXFileReference; lastKnownFileType = file; path = gorilla.mp4; sourceTree = "<group>"; };
		160286582AAC99CB00DE57F9 /* lioness.mp4 */ = {isa = PBXFileReference; lastKnownFileType = file; path = lioness.mp4; sourceTree = "<group>"; };
		160286592AAC99CB00DE57F9 /* elephant.mp4 */ = {isa = PBXFileReference; lastKnownFileType = file; path = elephant.mp4; sourceTree = "<group>"; };
		1602865A2AAC99CB00DE57F9 /* zebra.mp4 */ = {isa = PBXFileReference; lastKnownFileType = file; path = zebra.mp4; sourceTree = "<group>"; };
		1602865B2AAC99CB00DE57F9 /* ostrich.mp4 */ = {isa = PBXFileReference; lastKnownFileType = file; path = ostrich.mp4; sourceTree = "<group>"; };
		1602865C2AAC99CC00DE57F9 /* cheetah.mp4 */ = {isa = PBXFileReference; lastKnownFileType = file; path = cheetah.mp4; sourceTree = "<group>"; };
		160286682AAC9A3300DE57F9 /* locations.json */ = {isa = PBXFileReference; fileEncoding = 4; lastKnownFileType = text.json; path = locations.json; sourceTree = "<group>"; };
		160286692AAC9A3300DE57F9 /* covers.json */ = {isa = PBXFileReference; fileEncoding = 4; lastKnownFileType = text.json; path = covers.json; sourceTree = "<group>"; };
		1602866A2AAC9A3300DE57F9 /* animals.json */ = {isa = PBXFileReference; fileEncoding = 4; lastKnownFileType = text.json; path = animals.json; sourceTree = "<group>"; };
		1602866B2AAC9A3300DE57F9 /* videos.json */ = {isa = PBXFileReference; fileEncoding = 4; lastKnownFileType = text.json; path = videos.json; sourceTree = "<group>"; };
		160286702AAC9BB200DE57F9 /* Info.plist */ = {isa = PBXFileReference; lastKnownFileType = text.plist; path = Info.plist; sourceTree = "<group>"; };
		160286722AAC9D2800DE57F9 /* VideoListView.swift */ = {isa = PBXFileReference; lastKnownFileType = sourcecode.swift; path = VideoListView.swift; sourceTree = "<group>"; };
		160286742AAC9D3600DE57F9 /* MapView.swift */ = {isa = PBXFileReference; lastKnownFileType = sourcecode.swift; path = MapView.swift; sourceTree = "<group>"; };
		160286762AAC9D4300DE57F9 /* GalleryView.swift */ = {isa = PBXFileReference; lastKnownFileType = sourcecode.swift; path = GalleryView.swift; sourceTree = "<group>"; };
		160286782AAC9D5100DE57F9 /* MainView.swift */ = {isa = PBXFileReference; lastKnownFileType = sourcecode.swift; path = MainView.swift; sourceTree = "<group>"; };
		1602867B2AACA2FF00DE57F9 /* CoverImageView.swift */ = {isa = PBXFileReference; lastKnownFileType = sourcecode.swift; path = CoverImageView.swift; sourceTree = "<group>"; };
		1602867E2AACA3F000DE57F9 /* CoverImageModel.swift */ = {isa = PBXFileReference; lastKnownFileType = sourcecode.swift; path = CoverImageModel.swift; sourceTree = "<group>"; };
		160286812AACA87600DE57F9 /* CodableBundleExtension.swift */ = {isa = PBXFileReference; lastKnownFileType = sourcecode.swift; path = CodableBundleExtension.swift; sourceTree = "<group>"; };
		166255742AADC1A000DC0A85 /* AnimalDetailView.swift */ = {isa = PBXFileReference; lastKnownFileType = sourcecode.swift; path = AnimalDetailView.swift; sourceTree = "<group>"; };
		166255762AADC4F500DC0A85 /* HeadingView.swift */ = {isa = PBXFileReference; lastKnownFileType = sourcecode.swift; path = HeadingView.swift; sourceTree = "<group>"; };
		166255782AADC72400DC0A85 /* InsetGalleryView.swift */ = {isa = PBXFileReference; lastKnownFileType = sourcecode.swift; path = InsetGalleryView.swift; sourceTree = "<group>"; };
		1662557A2AADCAA000DC0A85 /* InsetFactView.swift */ = {isa = PBXFileReference; lastKnownFileType = sourcecode.swift; path = InsetFactView.swift; sourceTree = "<group>"; };
		1662557C2AADCF4000DC0A85 /* InsetMapView.swift */ = {isa = PBXFileReference; lastKnownFileType = sourcecode.swift; path = InsetMapView.swift; sourceTree = "<group>"; };
		1662557E2AADD2A000DC0A85 /* ExternalWeblinkView.swift */ = {isa = PBXFileReference; lastKnownFileType = sourcecode.swift; path = ExternalWeblinkView.swift; sourceTree = "<group>"; };
		166E10C32ABFEDFB0089E979 /* LocationModel.swift */ = {isa = PBXFileReference; lastKnownFileType = sourcecode.swift; path = LocationModel.swift; sourceTree = "<group>"; };
		166E10C52ABFF6950089E979 /* MapAnnotationView.swift */ = {isa = PBXFileReference; lastKnownFileType = sourcecode.swift; path = MapAnnotationView.swift; sourceTree = "<group>"; };
		16D246BA2AB6B1720010662A /* VideoModel.swift */ = {isa = PBXFileReference; lastKnownFileType = sourcecode.swift; path = VideoModel.swift; sourceTree = "<group>"; };
		16D246BE2AB6B3C70010662A /* VideoListItem.swift */ = {isa = PBXFileReference; lastKnownFileType = sourcecode.swift; path = VideoListItem.swift; sourceTree = "<group>"; };
		16D246C02AB6BD4D0010662A /* VideoPlayerView.swift */ = {isa = PBXFileReference; lastKnownFileType = sourcecode.swift; path = VideoPlayerView.swift; sourceTree = "<group>"; };
		16D246C32AB6BEA70010662A /* VideoPlayerHelper.swift */ = {isa = PBXFileReference; lastKnownFileType = sourcecode.swift; path = VideoPlayerHelper.swift; sourceTree = "<group>"; };
		16EBC6622AAD764400DF6B26 /* AnimalListItemView.swift */ = {isa = PBXFileReference; lastKnownFileType = sourcecode.swift; path = AnimalListItemView.swift; sourceTree = "<group>"; };
		16EBC6642AAD79B000DF6B26 /* AnimalModel.swift */ = {isa = PBXFileReference; lastKnownFileType = sourcecode.swift; path = AnimalModel.swift; sourceTree = "<group>"; };
/* End PBXFileReference section */

/* Begin PBXFrameworksBuildPhase section */
		1602863E2AAC953300DE57F9 /* Frameworks */ = {
			isa = PBXFrameworksBuildPhase;
			buildActionMask = 2147483647;
			files = (
			);
			runOnlyForDeploymentPostprocessing = 0;
		};
/* End PBXFrameworksBuildPhase section */

/* Begin PBXGroup section */
		160286382AAC953300DE57F9 = {
			isa = PBXGroup;
			children = (
				160286432AAC953300DE57F9 /* Africa */,
				160286422AAC953300DE57F9 /* Products */,
			);
			sourceTree = "<group>";
		};
		160286422AAC953300DE57F9 /* Products */ = {
			isa = PBXGroup;
			children = (
				160286412AAC953300DE57F9 /* Africa.app */,
			);
			name = Products;
			sourceTree = "<group>";
		};
		160286432AAC953300DE57F9 /* Africa */ = {
			isa = PBXGroup;
			children = (
				16D246C22AB6BDE20010662A /* Helper */,
				160286802AACA85400DE57F9 /* Extension */,
				1602867D2AACA3DF00DE57F9 /* Model */,
				1602867A2AACA2EE00DE57F9 /* View */,
				160286702AAC9BB200DE57F9 /* Info.plist */,
				160286672AAC9A1400DE57F9 /* Data */,
				160286522AAC99B800DE57F9 /* Video */,
				160286712AAC9C8600DE57F9 /* App */,
				160286482AAC953300DE57F9 /* Assets.xcassets */,
				1602864A2AAC953300DE57F9 /* Preview Content */,
			);
			path = Africa;
			sourceTree = "<group>";
		};
		1602864A2AAC953300DE57F9 /* Preview Content */ = {
			isa = PBXGroup;
			children = (
				1602864B2AAC953300DE57F9 /* Preview Assets.xcassets */,
			);
			path = "Preview Content";
			sourceTree = "<group>";
		};
		160286522AAC99B800DE57F9 /* Video */ = {
			isa = PBXGroup;
			children = (
				1602865C2AAC99CC00DE57F9 /* cheetah.mp4 */,
				160286592AAC99CB00DE57F9 /* elephant.mp4 */,
				160286542AAC99CA00DE57F9 /* giraffe.mp4 */,
				160286572AAC99CB00DE57F9 /* gorilla.mp4 */,
				160286552AAC99CA00DE57F9 /* hippo.mp4 */,
				160286562AAC99CA00DE57F9 /* lion.mp4 */,
				160286582AAC99CB00DE57F9 /* lioness.mp4 */,
				1602865B2AAC99CB00DE57F9 /* ostrich.mp4 */,
				160286532AAC99CA00DE57F9 /* rhino.mp4 */,
				1602865A2AAC99CB00DE57F9 /* zebra.mp4 */,
			);
			path = Video;
			sourceTree = "<group>";
		};
		160286672AAC9A1400DE57F9 /* Data */ = {
			isa = PBXGroup;
			children = (
				1602866A2AAC9A3300DE57F9 /* animals.json */,
				160286692AAC9A3300DE57F9 /* covers.json */,
				160286682AAC9A3300DE57F9 /* locations.json */,
				1602866B2AAC9A3300DE57F9 /* videos.json */,
			);
			path = Data;
			sourceTree = "<group>";
		};
		160286712AAC9C8600DE57F9 /* App */ = {
			isa = PBXGroup;
			children = (
				160286442AAC953300DE57F9 /* AfricaApp.swift */,
				160286722AAC9D2800DE57F9 /* VideoListView.swift */,
				160286742AAC9D3600DE57F9 /* MapView.swift */,
				160286762AAC9D4300DE57F9 /* GalleryView.swift */,
				160286782AAC9D5100DE57F9 /* MainView.swift */,
				160286462AAC953300DE57F9 /* ContentView.swift */,
			);
			path = App;
			sourceTree = "<group>";
		};
		1602867A2AACA2EE00DE57F9 /* View */ = {
			isa = PBXGroup;
			children = (
				1602867B2AACA2FF00DE57F9 /* CoverImageView.swift */,
				16D246BE2AB6B3C70010662A /* VideoListItem.swift */,
				16EBC6622AAD764400DF6B26 /* AnimalListItemView.swift */,
				1662557A2AADCAA000DC0A85 /* InsetFactView.swift */,
				166255762AADC4F500DC0A85 /* HeadingView.swift */,
				166E10C52ABFF6950089E979 /* MapAnnotationView.swift */,
				16D246C02AB6BD4D0010662A /* VideoPlayerView.swift */,
				166255742AADC1A000DC0A85 /* AnimalDetailView.swift */,
				1662557E2AADD2A000DC0A85 /* ExternalWeblinkView.swift */,
				1662557C2AADCF4000DC0A85 /* InsetMapView.swift */,
				166255782AADC72400DC0A85 /* InsetGalleryView.swift */,
			);
			path = View;
			sourceTree = "<group>";
		};
		1602867D2AACA3DF00DE57F9 /* Model */ = {
			isa = PBXGroup;
			children = (
				1602867E2AACA3F000DE57F9 /* CoverImageModel.swift */,
				16D246BA2AB6B1720010662A /* VideoModel.swift */,
				166E10C32ABFEDFB0089E979 /* LocationModel.swift */,
				16EBC6642AAD79B000DF6B26 /* AnimalModel.swift */,
			);
			path = Model;
			sourceTree = "<group>";
		};
		160286802AACA85400DE57F9 /* Extension */ = {
			isa = PBXGroup;
			children = (
				160286812AACA87600DE57F9 /* CodableBundleExtension.swift */,
			);
			path = Extension;
			sourceTree = "<group>";
		};
		16D246C22AB6BDE20010662A /* Helper */ = {
			isa = PBXGroup;
			children = (
				16D246C32AB6BEA70010662A /* VideoPlayerHelper.swift */,
			);
			path = Helper;
			sourceTree = "<group>";
		};
/* End PBXGroup section */

/* Begin PBXNativeTarget section */
		160286402AAC953300DE57F9 /* Africa */ = {
			isa = PBXNativeTarget;
			buildConfigurationList = 1602864F2AAC953300DE57F9 /* Build configuration list for PBXNativeTarget "Africa" */;
			buildPhases = (
				1602863D2AAC953300DE57F9 /* Sources */,
				1602863E2AAC953300DE57F9 /* Frameworks */,
				1602863F2AAC953300DE57F9 /* Resources */,
			);
			buildRules = (
			);
			dependencies = (
			);
			name = Africa;
			productName = Africa;
			productReference = 160286412AAC953300DE57F9 /* Africa.app */;
			productType = "com.apple.product-type.application";
		};
/* End PBXNativeTarget section */

/* Begin PBXProject section */
		160286392AAC953300DE57F9 /* Project object */ = {
			isa = PBXProject;
			attributes = {
				BuildIndependentTargetsInParallel = 1;
				LastSwiftUpdateCheck = 1430;
				LastUpgradeCheck = 1430;
				TargetAttributes = {
					160286402AAC953300DE57F9 = {
						CreatedOnToolsVersion = 14.3;
					};
				};
			};
			buildConfigurationList = 1602863C2AAC953300DE57F9 /* Build configuration list for PBXProject "Africa" */;
			compatibilityVersion = "Xcode 14.0";
			developmentRegion = en;
			hasScannedForEncodings = 0;
			knownRegions = (
				en,
				Base,
			);
			mainGroup = 160286382AAC953300DE57F9;
			productRefGroup = 160286422AAC953300DE57F9 /* Products */;
			projectDirPath = "";
			projectRoot = "";
			targets = (
				160286402AAC953300DE57F9 /* Africa */,
			);
		};
/* End PBXProject section */

/* Begin PBXResourcesBuildPhase section */
		1602863F2AAC953300DE57F9 /* Resources */ = {
			isa = PBXResourcesBuildPhase;
			buildActionMask = 2147483647;
			files = (
				1602866E2AAC9A3300DE57F9 /* animals.json in Resources */,
				1602866C2AAC9A3300DE57F9 /* locations.json in Resources */,
				1602865F2AAC99CC00DE57F9 /* hippo.mp4 in Resources */,
				160286602AAC99CC00DE57F9 /* lion.mp4 in Resources */,
				1602865D2AAC99CC00DE57F9 /* rhino.mp4 in Resources */,
				160286612AAC99CC00DE57F9 /* gorilla.mp4 in Resources */,
				1602864C2AAC953300DE57F9 /* Preview Assets.xcassets in Resources */,
				1602865E2AAC99CC00DE57F9 /* giraffe.mp4 in Resources */,
				1602866D2AAC9A3300DE57F9 /* covers.json in Resources */,
				160286642AAC99CC00DE57F9 /* zebra.mp4 in Resources */,
				160286492AAC953300DE57F9 /* Assets.xcassets in Resources */,
				160286662AAC99CC00DE57F9 /* cheetah.mp4 in Resources */,
				160286622AAC99CC00DE57F9 /* lioness.mp4 in Resources */,
				1602866F2AAC9A3300DE57F9 /* videos.json in Resources */,
				160286632AAC99CC00DE57F9 /* elephant.mp4 in Resources */,
				160286652AAC99CC00DE57F9 /* ostrich.mp4 in Resources */,
			);
			runOnlyForDeploymentPostprocessing = 0;
		};
/* End PBXResourcesBuildPhase section */

/* Begin PBXSourcesBuildPhase section */
		1602863D2AAC953300DE57F9 /* Sources */ = {
			isa = PBXSourcesBuildPhase;
			buildActionMask = 2147483647;
			files = (
				1662557F2AADD2A000DC0A85 /* ExternalWeblinkView.swift in Sources */,
				160286472AAC953300DE57F9 /* ContentView.swift in Sources */,
				16EBC6632AAD764400DF6B26 /* AnimalListItemView.swift in Sources */,
				160286792AAC9D5100DE57F9 /* MainView.swift in Sources */,
				1662557B2AADCAA000DC0A85 /* InsetFactView.swift in Sources */,
				1602867C2AACA2FF00DE57F9 /* CoverImageView.swift in Sources */,
				1602867F2AACA3F000DE57F9 /* CoverImageModel.swift in Sources */,
				166255752AADC1A000DC0A85 /* AnimalDetailView.swift in Sources */,
				16EBC6652AAD79B000DF6B26 /* AnimalModel.swift in Sources */,
				160286752AAC9D3600DE57F9 /* MapView.swift in Sources */,
				16D246C42AB6BEA70010662A /* VideoPlayerHelper.swift in Sources */,
				1662557D2AADCF4000DC0A85 /* InsetMapView.swift in Sources */,
				160286452AAC953300DE57F9 /* AfricaApp.swift in Sources */,
				166E10C62ABFF6950089E979 /* MapAnnotationView.swift in Sources */,
				160286732AAC9D2800DE57F9 /* VideoListView.swift in Sources */,
				16D246BB2AB6B1720010662A /* VideoModel.swift in Sources */,
				160286772AAC9D4400DE57F9 /* GalleryView.swift in Sources */,
				166E10C42ABFEDFB0089E979 /* LocationModel.swift in Sources */,
				166255792AADC72400DC0A85 /* InsetGalleryView.swift in Sources */,
				16D246BF2AB6B3C70010662A /* VideoListItem.swift in Sources */,
				160286822AACA87600DE57F9 /* CodableBundleExtension.swift in Sources */,
				166255772AADC4F500DC0A85 /* HeadingView.swift in Sources */,
				16D246C12AB6BD4D0010662A /* VideoPlayerView.swift in Sources */,
			);
			runOnlyForDeploymentPostprocessing = 0;
		};
/* End PBXSourcesBuildPhase section */

/* Begin XCBuildConfiguration section */
		1602864D2AAC953300DE57F9 /* Debug */ = {
			isa = XCBuildConfiguration;
			buildSettings = {
				ALWAYS_SEARCH_USER_PATHS = NO;
				CLANG_ANALYZER_NONNULL = YES;
				CLANG_ANALYZER_NUMBER_OBJECT_CONVERSION = YES_AGGRESSIVE;
				CLANG_CXX_LANGUAGE_STANDARD = "gnu++20";
				CLANG_ENABLE_MODULES = YES;
				CLANG_ENABLE_OBJC_ARC = YES;
				CLANG_ENABLE_OBJC_WEAK = YES;
				CLANG_WARN_BLOCK_CAPTURE_AUTORELEASING = YES;
				CLANG_WARN_BOOL_CONVERSION = YES;
				CLANG_WARN_COMMA = YES;
				CLANG_WARN_CONSTANT_CONVERSION = YES;
				CLANG_WARN_DEPRECATED_OBJC_IMPLEMENTATIONS = YES;
				CLANG_WARN_DIRECT_OBJC_ISA_USAGE = YES_ERROR;
				CLANG_WARN_DOCUMENTATION_COMMENTS = YES;
				CLANG_WARN_EMPTY_BODY = YES;
				CLANG_WARN_ENUM_CONVERSION = YES;
				CLANG_WARN_INFINITE_RECURSION = YES;
				CLANG_WARN_INT_CONVERSION = YES;
				CLANG_WARN_NON_LITERAL_NULL_CONVERSION = YES;
				CLANG_WARN_OBJC_IMPLICIT_RETAIN_SELF = YES;
				CLANG_WARN_OBJC_LITERAL_CONVERSION = YES;
				CLANG_WARN_OBJC_ROOT_CLASS = YES_ERROR;
				CLANG_WARN_QUOTED_INCLUDE_IN_FRAMEWORK_HEADER = YES;
				CLANG_WARN_RANGE_LOOP_ANALYSIS = YES;
				CLANG_WARN_STRICT_PROTOTYPES = YES;
				CLANG_WARN_SUSPICIOUS_MOVE = YES;
				CLANG_WARN_UNGUARDED_AVAILABILITY = YES_AGGRESSIVE;
				CLANG_WARN_UNREACHABLE_CODE = YES;
				CLANG_WARN__DUPLICATE_METHOD_MATCH = YES;
				COPY_PHASE_STRIP = NO;
				DEBUG_INFORMATION_FORMAT = dwarf;
				ENABLE_STRICT_OBJC_MSGSEND = YES;
				ENABLE_TESTABILITY = YES;
				GCC_C_LANGUAGE_STANDARD = gnu11;
				GCC_DYNAMIC_NO_PIC = NO;
				GCC_NO_COMMON_BLOCKS = YES;
				GCC_OPTIMIZATION_LEVEL = 0;
				GCC_PREPROCESSOR_DEFINITIONS = (
					"DEBUG=1",
					"$(inherited)",
				);
				GCC_WARN_64_TO_32_BIT_CONVERSION = YES;
				GCC_WARN_ABOUT_RETURN_TYPE = YES_ERROR;
				GCC_WARN_UNDECLARED_SELECTOR = YES;
				GCC_WARN_UNINITIALIZED_AUTOS = YES_AGGRESSIVE;
				GCC_WARN_UNUSED_FUNCTION = YES;
				GCC_WARN_UNUSED_VARIABLE = YES;
				IPHONEOS_DEPLOYMENT_TARGET = 16.4;
				MTL_ENABLE_DEBUG_INFO = INCLUDE_SOURCE;
				MTL_FAST_MATH = YES;
				ONLY_ACTIVE_ARCH = YES;
				SDKROOT = iphoneos;
				SWIFT_ACTIVE_COMPILATION_CONDITIONS = DEBUG;
				SWIFT_OPTIMIZATION_LEVEL = "-Onone";
			};
			name = Debug;
		};
		1602864E2AAC953300DE57F9 /* Release */ = {
			isa = XCBuildConfiguration;
			buildSettings = {
				ALWAYS_SEARCH_USER_PATHS = NO;
				CLANG_ANALYZER_NONNULL = YES;
				CLANG_ANALYZER_NUMBER_OBJECT_CONVERSION = YES_AGGRESSIVE;
				CLANG_CXX_LANGUAGE_STANDARD = "gnu++20";
				CLANG_ENABLE_MODULES = YES;
				CLANG_ENABLE_OBJC_ARC = YES;
				CLANG_ENABLE_OBJC_WEAK = YES;
				CLANG_WARN_BLOCK_CAPTURE_AUTORELEASING = YES;
				CLANG_WARN_BOOL_CONVERSION = YES;
				CLANG_WARN_COMMA = YES;
				CLANG_WARN_CONSTANT_CONVERSION = YES;
				CLANG_WARN_DEPRECATED_OBJC_IMPLEMENTATIONS = YES;
				CLANG_WARN_DIRECT_OBJC_ISA_USAGE = YES_ERROR;
				CLANG_WARN_DOCUMENTATION_COMMENTS = YES;
				CLANG_WARN_EMPTY_BODY = YES;
				CLANG_WARN_ENUM_CONVERSION = YES;
				CLANG_WARN_INFINITE_RECURSION = YES;
				CLANG_WARN_INT_CONVERSION = YES;
				CLANG_WARN_NON_LITERAL_NULL_CONVERSION = YES;
				CLANG_WARN_OBJC_IMPLICIT_RETAIN_SELF = YES;
				CLANG_WARN_OBJC_LITERAL_CONVERSION = YES;
				CLANG_WARN_OBJC_ROOT_CLASS = YES_ERROR;
				CLANG_WARN_QUOTED_INCLUDE_IN_FRAMEWORK_HEADER = YES;
				CLANG_WARN_RANGE_LOOP_ANALYSIS = YES;
				CLANG_WARN_STRICT_PROTOTYPES = YES;
				CLANG_WARN_SUSPICIOUS_MOVE = YES;
				CLANG_WARN_UNGUARDED_AVAILABILITY = YES_AGGRESSIVE;
				CLANG_WARN_UNREACHABLE_CODE = YES;
				CLANG_WARN__DUPLICATE_METHOD_MATCH = YES;
				COPY_PHASE_STRIP = NO;
				DEBUG_INFORMATION_FORMAT = "dwarf-with-dsym";
				ENABLE_NS_ASSERTIONS = NO;
				ENABLE_STRICT_OBJC_MSGSEND = YES;
				GCC_C_LANGUAGE_STANDARD = gnu11;
				GCC_NO_COMMON_BLOCKS = YES;
				GCC_WARN_64_TO_32_BIT_CONVERSION = YES;
				GCC_WARN_ABOUT_RETURN_TYPE = YES_ERROR;
				GCC_WARN_UNDECLARED_SELECTOR = YES;
				GCC_WARN_UNINITIALIZED_AUTOS = YES_AGGRESSIVE;
				GCC_WARN_UNUSED_FUNCTION = YES;
				GCC_WARN_UNUSED_VARIABLE = YES;
				IPHONEOS_DEPLOYMENT_TARGET = 16.4;
				MTL_ENABLE_DEBUG_INFO = NO;
				MTL_FAST_MATH = YES;
				SDKROOT = iphoneos;
				SWIFT_COMPILATION_MODE = wholemodule;
				SWIFT_OPTIMIZATION_LEVEL = "-O";
				VALIDATE_PRODUCT = YES;
			};
			name = Release;
		};
		160286502AAC953300DE57F9 /* Debug */ = {
			isa = XCBuildConfiguration;
			buildSettings = {
				ASSETCATALOG_COMPILER_APPICON_NAME = AppIcon;
				ASSETCATALOG_COMPILER_GLOBAL_ACCENT_COLOR_NAME = AccentColor;
				CODE_SIGN_STYLE = Automatic;
				CURRENT_PROJECT_VERSION = 1;
				DEVELOPMENT_ASSET_PATHS = "\"Africa/Preview Content\"";
				DEVELOPMENT_TEAM = X635BWV565;
				ENABLE_PREVIEWS = YES;
				GENERATE_INFOPLIST_FILE = YES;
				INFOPLIST_FILE = Africa/Info.plist;
				INFOPLIST_KEY_UIApplicationSceneManifest_Generation = YES;
				INFOPLIST_KEY_UIApplicationSupportsIndirectInputEvents = YES;
				INFOPLIST_KEY_UISupportedInterfaceOrientations_iPad = "UIInterfaceOrientationPortrait UIInterfaceOrientationPortraitUpsideDown UIInterfaceOrientationLandscapeLeft UIInterfaceOrientationLandscapeRight";
				INFOPLIST_KEY_UISupportedInterfaceOrientations_iPhone = "UIInterfaceOrientationPortrait UIInterfaceOrientationLandscapeLeft UIInterfaceOrientationLandscapeRight";
				INFOPLIST_KEY_UIUserInterfaceStyle = Dark;
				LD_RUNPATH_SEARCH_PATHS = (
					"$(inherited)",
					"@executable_path/Frameworks",
				);
				MARKETING_VERSION = 1.0;
				PRODUCT_BUNDLE_IDENTIFIER = com.alita.Africa;
				PRODUCT_NAME = "$(TARGET_NAME)";
				SWIFT_EMIT_LOC_STRINGS = YES;
				SWIFT_VERSION = 5.0;
				TARGETED_DEVICE_FAMILY = "1,2";
			};
			name = Debug;
		};
		160286512AAC953300DE57F9 /* Release */ = {
			isa = XCBuildConfiguration;
			buildSettings = {
				ASSETCATALOG_COMPILER_APPICON_NAME = AppIcon;
				ASSETCATALOG_COMPILER_GLOBAL_ACCENT_COLOR_NAME = AccentColor;
				CODE_SIGN_STYLE = Automatic;
				CURRENT_PROJECT_VERSION = 1;
				DEVELOPMENT_ASSET_PATHS = "\"Africa/Preview Content\"";
				DEVELOPMENT_TEAM = X635BWV565;
				ENABLE_PREVIEWS = YES;
				GENERATE_INFOPLIST_FILE = YES;
				INFOPLIST_FILE = Africa/Info.plist;
				INFOPLIST_KEY_UIApplicationSceneManifest_Generation = YES;
				INFOPLIST_KEY_UIApplicationSupportsIndirectInputEvents = YES;
				INFOPLIST_KEY_UISupportedInterfaceOrientations_iPad = "UIInterfaceOrientationPortrait UIInterfaceOrientationPortraitUpsideDown UIInterfaceOrientationLandscapeLeft UIInterfaceOrientationLandscapeRight";
				INFOPLIST_KEY_UISupportedInterfaceOrientations_iPhone = "UIInterfaceOrientationPortrait UIInterfaceOrientationLandscapeLeft UIInterfaceOrientationLandscapeRight";
				INFOPLIST_KEY_UIUserInterfaceStyle = Dark;
				LD_RUNPATH_SEARCH_PATHS = (
					"$(inherited)",
					"@executable_path/Frameworks",
				);
				MARKETING_VERSION = 1.0;
				PRODUCT_BUNDLE_IDENTIFIER = com.alita.Africa;
				PRODUCT_NAME = "$(TARGET_NAME)";
				SWIFT_EMIT_LOC_STRINGS = YES;
				SWIFT_VERSION = 5.0;
				TARGETED_DEVICE_FAMILY = "1,2";
			};
			name = Release;
		};
/* End XCBuildConfiguration section */

/* Begin XCConfigurationList section */
		1602863C2AAC953300DE57F9 /* Build configuration list for PBXProject "Africa" */ = {
			isa = XCConfigurationList;
			buildConfigurations = (
				1602864D2AAC953300DE57F9 /* Debug */,
				1602864E2AAC953300DE57F9 /* Release */,
			);
			defaultConfigurationIsVisible = 0;
			defaultConfigurationName = Release;
		};
		1602864F2AAC953300DE57F9 /* Build configuration list for PBXNativeTarget "Africa" */ = {
			isa = XCConfigurationList;
			buildConfigurations = (
				160286502AAC953300DE57F9 /* Debug */,
				160286512AAC953300DE57F9 /* Release */,
			);
			defaultConfigurationIsVisible = 0;
			defaultConfigurationName = Release;
		};
/* End XCConfigurationList section */
	};
	rootObject = 160286392AAC953300DE57F9 /* Project object */;
}
